
Microsoft Visual Studio Solution File, Format Version 12.00
# Visual Studio 14
VisualStudioVersion = 14.0.25420.1
MinimumVisualStudioVersion = 10.0.40219.1
Project("{FAE04EC0-301F-11D3-BF4B-00C04F79EFBC}") = "SportsStore.Domain", "SportsStore.Domain\SportsStore.Domain.csproj", "{5F9C51AA-117F-47B2-9A25-4D2A872C6FD9}"
EndProject
Project("{FAE04EC0-301F-11D3-BF4B-00C04F79EFBC}") = "SportsStore.WebUI", "SportsStore.WebUI\SportsStore.WebUI.csproj", "{6448613A-F597-4879-8A32-93D7449CD06A}"
EndProject
Project("{FAE04EC0-301F-11D3-BF4B-00C04F79EFBC}") = "SportsStore.UnitTests", "SportsStore.UnitTests\SportsStore.UnitTests.csproj", "{A7CE39B7-F3DF-4C4F-9A4C-3FD7A7B709DD}"
EndProject
Global
	GlobalSection(SolutionConfigurationPlatforms) = preSolution
		Debug|Any CPU = Debug|Any CPU
		Release|Any CPU = Release|Any CPU
	EndGlobalSection
	GlobalSection(ProjectConfigurationPlatforms) = postSolution
		{5F9C51AA-117F-47B2-9A25-4D2A872C6FD9}.Debug|Any CPU.ActiveCfg = Debug|Any CPU
		{5F9C51AA-117F-47B2-9A25-4D2A872C6FD9}.Debug|Any CPU.Build.0 = Debug|Any CPU
		{5F9C51AA-117F-47B2-9A25-4D2A872C6FD9}.Release|Any CPU.ActiveCfg = Release|Any CPU
		{5F9C51AA-117F-47B2-9A25-4D2A872C6FD9}.Release|Any CPU.Build.0 = Release|Any CPU
		{6448613A-F597-4879-8A32-93D7449CD06A}.Debug|Any CPU.ActiveCfg = Debug|Any CPU
		{6448613A-F597-4879-8A32-93D7449CD06A}.Debug|Any CPU.Build.0 = Debug|Any CPU
		{6448613A-F597-4879-8A32-93D7449CD06A}.Release|Any CPU.ActiveCfg = Release|Any CPU
		{6448613A-F597-4879-8A32-93D7449CD06A}.Release|Any CPU.Build.0 = Release|Any CPU
		{A7CE39B7-F3DF-4C4F-9A4C-3FD7A7B709DD}.Debug|Any CPU.ActiveCfg = Debug|Any CPU
		{A7CE39B7-F3DF-4C4F-9A4C-3FD7A7B709DD}.Debug|Any CPU.Build.0 = Debug|Any CPU
		{A7CE39B7-F3DF-4C4F-9A4C-3FD7A7B709DD}.Release|Any CPU.ActiveCfg = Release|Any CPU
		{A7CE39B7-F3DF-4C4F-9A4C-3FD7A7B709DD}.Release|Any CPU.Build.0 = Release|Any CPU
	EndGlobalSection
	GlobalSection(SolutionProperties) = preSolution
		HideSolutionNode = FALSE
	EndGlobalSection
EndGlobal
